
Microsoft Visual Studio Solution File, Format Version 12.00
# Visual Studio Version 17
VisualStudioVersion = 17.8.34330.188
MinimumVisualStudioVersion = 10.0.40219.1
Project("{FAE04EC0-301F-11D3-BF4B-00C04F79EFBC}") = "BlazorApp2", "BlazorApp2\BlazorApp2.csproj", "{9C849BD5-9DA9-4B5A-B09A-70B197703B66}"
EndProject
Global
	GlobalSection(SolutionConfigurationPlatforms) = preSolution
		Debug|Any CPU = Debug|Any CPU
		Release|Any CPU = Release|Any CPU
	EndGlobalSection
	GlobalSection(ProjectConfigurationPlatforms) = postSolution
		{9C849BD5-9DA9-4B5A-B09A-70B197703B66}.Debug|Any CPU.ActiveCfg = Debug|Any CPU
		{9C849BD5-9DA9-4B5A-B09A-70B197703B66}.Debug|Any CPU.Build.0 = Debug|Any CPU
		{9C849BD5-9DA9-4B5A-B09A-70B197703B66}.Release|Any CPU.ActiveCfg = Release|Any CPU
		{9C849BD5-9DA9-4B5A-B09A-70B197703B66}.Release|Any CPU.Build.0 = Release|Any CPU
	EndGlobalSection
	GlobalSection(SolutionProperties) = preSolution
		HideSolutionNode = FALSE
	EndGlobalSection
	GlobalSection(ExtensibilityGlobals) = postSolution
		SolutionGuid = {AADE9655-FAB3-4A6C-8F8A-6B99F969050B}
	EndGlobalSection
EndGlobal
